
Microsoft Visual Studio Solution File, Format Version 12.00
# Visual Studio Version 17
VisualStudioVersion = 17.7.34031.279
MinimumVisualStudioVersion = 10.0.40219.1
Project("{8BC9CEB8-8B4A-11D0-8D11-00A0C91BC942}") = "lab15-1", "lab15-1.vcxproj", "{63D21F52-8193-4060-B162-4E1CAA59D758}"
EndProject
Project("{8BC9CEB8-8B4A-11D0-8D11-00A0C91BC942}") = "lab15-2", "..\lab15-2\lab15-2.vcxproj", "{3212157A-A366-4BFD-9F4E-F702D4B80C2C}"
EndProject
Global
	GlobalSection(SolutionConfigurationPlatforms) = preSolution
		Debug|x64 = Debug|x64
		Debug|x86 = Debug|x86
		Release|x64 = Release|x64
		Release|x86 = Release|x86
	EndGlobalSection
	GlobalSection(ProjectConfigurationPlatforms) = postSolution
		{63D21F52-8193-4060-B162-4E1CAA59D758}.Debug|x64.ActiveCfg = Debug|x64
		{63D21F52-8193-4060-B162-4E1CAA59D758}.Debug|x64.Build.0 = Debug|x64
		{63D21F52-8193-4060-B162-4E1CAA59D758}.Debug|x86.ActiveCfg = Debug|Win32
		{63D21F52-8193-4060-B162-4E1CAA59D758}.Debug|x86.Build.0 = Debug|Win32
		{63D21F52-8193-4060-B162-4E1CAA59D758}.Release|x64.ActiveCfg = Release|x64
		{63D21F52-8193-4060-B162-4E1CAA59D758}.Release|x64.Build.0 = Release|x64
		{63D21F52-8193-4060-B162-4E1CAA59D758}.Release|x86.ActiveCfg = Release|Win32
		{63D21F52-8193-4060-B162-4E1CAA59D758}.Release|x86.Build.0 = Release|Win32
		{3212157A-A366-4BFD-9F4E-F702D4B80C2C}.Debug|x64.ActiveCfg = Debug|x64
		{3212157A-A366-4BFD-9F4E-F702D4B80C2C}.Debug|x64.Build.0 = Debug|x64
		{3212157A-A366-4BFD-9F4E-F702D4B80C2C}.Debug|x86.ActiveCfg = Debug|Win32
		{3212157A-A366-4BFD-9F4E-F702D4B80C2C}.Debug|x86.Build.0 = Debug|Win32
		{3212157A-A366-4BFD-9F4E-F702D4B80C2C}.Release|x64.ActiveCfg = Release|x64
		{3212157A-A366-4BFD-9F4E-F702D4B80C2C}.Release|x64.Build.0 = Release|x64
		{3212157A-A366-4BFD-9F4E-F702D4B80C2C}.Release|x86.ActiveCfg = Release|Win32
		{3212157A-A366-4BFD-9F4E-F702D4B80C2C}.Release|x86.Build.0 = Release|Win32
	EndGlobalSection
	GlobalSection(SolutionProperties) = preSolution
		HideSolutionNode = FALSE
	EndGlobalSection
	GlobalSection(ExtensibilityGlobals) = postSolution
		SolutionGuid = {60A3E895-AA5E-4C62-9E5F-EDE7E120D57E}
	EndGlobalSection
EndGlobal
