
Microsoft Visual Studio Solution File, Format Version 12.00
# Visual Studio Version 17
VisualStudioVersion = 17.7.34031.279
MinimumVisualStudioVersion = 10.0.40219.1
Project("{8BC9CEB8-8B4A-11D0-8D11-00A0C91BC942}") = "lab16-1", "lab16-1.vcxproj", "{C6AB4362-F9CC-4B12-93C5-09E75E07D538}"
EndProject
Project("{8BC9CEB8-8B4A-11D0-8D11-00A0C91BC942}") = "lab16-2", "..\lab16-2\lab16-2.vcxproj", "{68BC231E-CEF7-4A01-A077-951FCBC04462}"
EndProject
Project("{8BC9CEB8-8B4A-11D0-8D11-00A0C91BC942}") = "lab16-3", "..\lab16-3\lab16-3.vcxproj", "{BF4B33C5-8028-4F86-B9A6-4CA09BA08036}"
EndProject
Global
	GlobalSection(SolutionConfigurationPlatforms) = preSolution
		Debug|x64 = Debug|x64
		Debug|x86 = Debug|x86
		Release|x64 = Release|x64
		Release|x86 = Release|x86
	EndGlobalSection
	GlobalSection(ProjectConfigurationPlatforms) = postSolution
		{C6AB4362-F9CC-4B12-93C5-09E75E07D538}.Debug|x64.ActiveCfg = Debug|x64
		{C6AB4362-F9CC-4B12-93C5-09E75E07D538}.Debug|x64.Build.0 = Debug|x64
		{C6AB4362-F9CC-4B12-93C5-09E75E07D538}.Debug|x86.ActiveCfg = Debug|Win32
		{C6AB4362-F9CC-4B12-93C5-09E75E07D538}.Debug|x86.Build.0 = Debug|Win32
		{C6AB4362-F9CC-4B12-93C5-09E75E07D538}.Release|x64.ActiveCfg = Release|x64
		{C6AB4362-F9CC-4B12-93C5-09E75E07D538}.Release|x64.Build.0 = Release|x64
		{C6AB4362-F9CC-4B12-93C5-09E75E07D538}.Release|x86.ActiveCfg = Release|Win32
		{C6AB4362-F9CC-4B12-93C5-09E75E07D538}.Release|x86.Build.0 = Release|Win32
		{68BC231E-CEF7-4A01-A077-951FCBC04462}.Debug|x64.ActiveCfg = Debug|x64
		{68BC231E-CEF7-4A01-A077-951FCBC04462}.Debug|x64.Build.0 = Debug|x64
		{68BC231E-CEF7-4A01-A077-951FCBC04462}.Debug|x86.ActiveCfg = Debug|Win32
		{68BC231E-CEF7-4A01-A077-951FCBC04462}.Debug|x86.Build.0 = Debug|Win32
		{68BC231E-CEF7-4A01-A077-951FCBC04462}.Release|x64.ActiveCfg = Release|x64
		{68BC231E-CEF7-4A01-A077-951FCBC04462}.Release|x64.Build.0 = Release|x64
		{68BC231E-CEF7-4A01-A077-951FCBC04462}.Release|x86.ActiveCfg = Release|Win32
		{68BC231E-CEF7-4A01-A077-951FCBC04462}.Release|x86.Build.0 = Release|Win32
		{BF4B33C5-8028-4F86-B9A6-4CA09BA08036}.Debug|x64.ActiveCfg = Debug|x64
		{BF4B33C5-8028-4F86-B9A6-4CA09BA08036}.Debug|x64.Build.0 = Debug|x64
		{BF4B33C5-8028-4F86-B9A6-4CA09BA08036}.Debug|x86.ActiveCfg = Debug|Win32
		{BF4B33C5-8028-4F86-B9A6-4CA09BA08036}.Debug|x86.Build.0 = Debug|Win32
		{BF4B33C5-8028-4F86-B9A6-4CA09BA08036}.Release|x64.ActiveCfg = Release|x64
		{BF4B33C5-8028-4F86-B9A6-4CA09BA08036}.Release|x64.Build.0 = Release|x64
		{BF4B33C5-8028-4F86-B9A6-4CA09BA08036}.Release|x86.ActiveCfg = Release|Win32
		{BF4B33C5-8028-4F86-B9A6-4CA09BA08036}.Release|x86.Build.0 = Release|Win32
	EndGlobalSection
	GlobalSection(SolutionProperties) = preSolution
		HideSolutionNode = FALSE
	EndGlobalSection
	GlobalSection(ExtensibilityGlobals) = postSolution
		SolutionGuid = {D58BCB7B-DBF2-4241-966A-79562A06B89B}
	EndGlobalSection
EndGlobal
